// !$*UTF8*$!
{
	archiveVersion = 1;
	classes = {
	};
	objectVersion = 50;
	objects = {

/* Begin PBXBuildFile section */
		1D11C070252BA35C0062CA00 /* AppDelegate.m in Sources */ = {isa = PBXBuildFile; fileRef = 1D11C06F252BA35C0062CA00 /* AppDelegate.m */; };
		1D11C072252BA35D0062CA00 /* Assets.xcassets in Resources */ = {isa = PBXBuildFile; fileRef = 1D11C071252BA35D0062CA00 /* Assets.xcassets */; };
		1D11C075252BA35D0062CA00 /* MainMenu.xib in Resources */ = {isa = PBXBuildFile; fileRef = 1D11C073252BA35D0062CA00 /* MainMenu.xib */; };
		1D11C078252BA35D0062CA00 /* main.m in Sources */ = {isa = PBXBuildFile; fileRef = 1D11C077252BA35D0062CA00 /* main.m */; };
		1D11C083252BA35D0062CA00 /* xcodeTests.m in Sources */ = {isa = PBXBuildFile; fileRef = 1D11C082252BA35D0062CA00 /* xcodeTests.m */; };
		1D11C08E252BA35D0062CA00 /* xcodeUITests.m in Sources */ = {isa = PBXBuildFile; fileRef = 1D11C08D252BA35D0062CA00 /* xcodeUITests.m */; };
/* End PBXBuildFile section */

/* Begin PBXContainerItemProxy section */
		1D11C07F252BA35D0062CA00 /* PBXContainerItemProxy */ = {
			isa = PBXContainerItemProxy;
			containerPortal = 1D11C063252BA35C0062CA00 /* Project object */;
			proxyType = 1;
			remoteGlobalIDString = 1D11C06A252BA35C0062CA00;
			remoteInfo = xcode;
		};
		1D11C08A252BA35D0062CA00 /* PBXContainerItemProxy */ = {
			isa = PBXContainerItemProxy;
			containerPortal = 1D11C063252BA35C0062CA00 /* Project object */;
			proxyType = 1;
			remoteGlobalIDString = 1D11C06A252BA35C0062CA00;
			remoteInfo = xcode;
		};
/* End PBXContainerItemProxy section */

/* Begin PBXFileReference section */
		1D11C06B252BA35C0062CA00 /* xcode.app */ = {isa = PBXFileReference; explicitFileType = wrapper.application; includeInIndex = 0; path = xcode.app; sourceTree = BUILT_PRODUCTS_DIR; };
		1D11C06E252BA35C0062CA00 /* AppDelegate.h */ = {isa = PBXFileReference; lastKnownFileType = sourcecode.c.h; path = AppDelegate.h; sourceTree = "<group>"; };
		1D11C06F252BA35C0062CA00 /* AppDelegate.m */ = {isa = PBXFileReference; lastKnownFileType = sourcecode.c.objc; path = AppDelegate.m; sourceTree = "<group>"; };
		1D11C071252BA35D0062CA00 /* Assets.xcassets */ = {isa = PBXFileReference; lastKnownFileType = folder.assetcatalog; path = Assets.xcassets; sourceTree = "<group>"; };
		1D11C074252BA35D0062CA00 /* Base */ = {isa = PBXFileReference; lastKnownFileType = file.xib; name = Base; path = Base.lproj/MainMenu.xib; sourceTree = "<group>"; };
		1D11C076252BA35D0062CA00 /* Info.plist */ = {isa = PBXFileReference; lastKnownFileType = text.plist.xml; path = Info.plist; sourceTree = "<group>"; };
		1D11C077252BA35D0062CA00 /* main.m */ = {isa = PBXFileReference; lastKnownFileType = sourcecode.c.objc; path = main.m; sourceTree = "<group>"; };
		1D11C079252BA35D0062CA00 /* xcode.entitlements */ = {isa = PBXFileReference; lastKnownFileType = text.plist.entitlements; path = xcode.entitlements; sourceTree = "<group>"; };
		1D11C07E252BA35D0062CA00 /* xcodeTests.xctest */ = {isa = PBXFileReference; explicitFileType = wrapper.cfbundle; includeInIndex = 0; path = xcodeTests.xctest; sourceTree = BUILT_PRODUCTS_DIR; };
		1D11C082252BA35D0062CA00 /* xcodeTests.m */ = {isa = PBXFileReference; lastKnownFileType = sourcecode.c.objc; path = xcodeTests.m; sourceTree = "<group>"; };
		1D11C084252BA35D0062CA00 /* Info.plist */ = {isa = PBXFileReference; lastKnownFileType = text.plist.xml; path = Info.plist; sourceTree = "<group>"; };
		1D11C089252BA35D0062CA00 /* xcodeUITests.xctest */ = {isa = PBXFileReference; explicitFileType = wrapper.cfbundle; includeInIndex = 0; path = xcodeUITests.xctest; sourceTree = BUILT_PRODUCTS_DIR; };
		1D11C08D252BA35D0062CA00 /* xcodeUITests.m */ = {isa = PBXFileReference; lastKnownFileType = sourcecode.c.objc; path = xcodeUITests.m; sourceTree = "<group>"; };
		1D11C08F252BA35D0062CA00 /* Info.plist */ = {isa = PBXFileReference; lastKnownFileType = text.plist.xml; path = Info.plist; sourceTree = "<group>"; };
/* End PBXFileReference section */

/* Begin PBXFrameworksBuildPhase section */
		1D11C068252BA35C0062CA00 /* Frameworks */ = {
			isa = PBXFrameworksBuildPhase;
			buildActionMask = 2147483647;
			files = (
			);
			runOnlyForDeploymentPostprocessing = 0;
		};
		1D11C07B252BA35D0062CA00 /* Frameworks */ = {
			isa = PBXFrameworksBuildPhase;
			buildActionMask = 2147483647;
			files = (
			);
			runOnlyForDeploymentPostprocessing = 0;
		};
		1D11C086252BA35D0062CA00 /* Frameworks */ = {
			isa = PBXFrameworksBuildPhase;
			buildActionMask = 2147483647;
			files = (
			);
			runOnlyForDeploymentPostprocessing = 0;
		};
/* End PBXFrameworksBuildPhase section */

/* Begin PBXGroup section */
		1D11C062252BA35C0062CA00 = {
			isa = PBXGroup;
			children = (
				1D11C06D252BA35C0062CA00 /* xcode */,
				1D11C081252BA35D0062CA00 /* xcodeTests */,
				1D11C08C252BA35D0062CA00 /* xcodeUITests */,
				1D11C06C252BA35C0062CA00 /* Products */,
			);
			sourceTree = "<group>";
		};
		1D11C06C252BA35C0062CA00 /* Products */ = {
			isa = PBXGroup;
			children = (
				1D11C06B252BA35C0062CA00 /* xcode.app */,
				1D11C07E252BA35D0062CA00 /* xcodeTests.xctest */,
				1D11C089252BA35D0062CA00 /* xcodeUITests.xctest */,
			);
			name = Products;
			sourceTree = "<group>";
		};
		1D11C06D252BA35C0062CA00 /* xcode */ = {
			isa = PBXGroup;
			children = (
				1D11C06E252BA35C0062CA00 /* AppDelegate.h */,
				1D11C06F252BA35C0062CA00 /* AppDelegate.m */,
				1D11C071252BA35D0062CA00 /* Assets.xcassets */,
				1D11C073252BA35D0062CA00 /* MainMenu.xib */,
				1D11C076252BA35D0062CA00 /* Info.plist */,
				1D11C077252BA35D0062CA00 /* main.m */,
				1D11C079252BA35D0062CA00 /* xcode.entitlements */,
			);
			path = xcode;
			sourceTree = "<group>";
		};
		1D11C081252BA35D0062CA00 /* xcodeTests */ = {
			isa = PBXGroup;
			children = (
				1D11C082252BA35D0062CA00 /* xcodeTests.m */,
				1D11C084252BA35D0062CA00 /* Info.plist */,
			);
			path = xcodeTests;
			sourceTree = "<group>";
		};
		1D11C08C252BA35D0062CA00 /* xcodeUITests */ = {
			isa = PBXGroup;
			children = (
				1D11C08D252BA35D0062CA00 /* xcodeUITests.m */,
				1D11C08F252BA35D0062CA00 /* Info.plist */,
			);
			path = xcodeUITests;
			sourceTree = "<group>";
		};
/* End PBXGroup section */

/* Begin PBXNativeTarget section */
		1D11C06A252BA35C0062CA00 /* xcode */ = {
			isa = PBXNativeTarget;
			buildConfigurationList = 1D11C092252BA35D0062CA00 /* Build configuration list for PBXNativeTarget "xcode" */;
			buildPhases = (
				1D11C067252BA35C0062CA00 /* Sources */,
				1D11C068252BA35C0062CA00 /* Frameworks */,
				1D11C069252BA35C0062CA00 /* Resources */,
			);
			buildRules = (
			);
			dependencies = (
			);
			name = xcode;
			productName = xcode;
			productReference = 1D11C06B252BA35C0062CA00 /* xcode.app */;
			productType = "com.apple.product-type.application";
		};
		1D11C07D252BA35D0062CA00 /* xcodeTests */ = {
			isa = PBXNativeTarget;
			buildConfigurationList = 1D11C095252BA35D0062CA00 /* Build configuration list for PBXNativeTarget "xcodeTests" */;
			buildPhases = (
				1D11C07A252BA35D0062CA00 /* Sources */,
				1D11C07B252BA35D0062CA00 /* Frameworks */,
				1D11C07C252BA35D0062CA00 /* Resources */,
			);
			buildRules = (
			);
			dependencies = (
				1D11C080252BA35D0062CA00 /* PBXTargetDependency */,
			);
			name = xcodeTests;
			productName = xcodeTests;
			productReference = 1D11C07E252BA35D0062CA00 /* xcodeTests.xctest */;
			productType = "com.apple.product-type.bundle.unit-test";
		};
		1D11C088252BA35D0062CA00 /* xcodeUITests */ = {
			isa = PBXNativeTarget;
			buildConfigurationList = 1D11C098252BA35D0062CA00 /* Build configuration list for PBXNativeTarget "xcodeUITests" */;
			buildPhases = (
				1D11C085252BA35D0062CA00 /* Sources */,
				1D11C086252BA35D0062CA00 /* Frameworks */,
				1D11C087252BA35D0062CA00 /* Resources */,
			);
			buildRules = (
			);
			dependencies = (
				1D11C08B252BA35D0062CA00 /* PBXTargetDependency */,
			);
			name = xcodeUITests;
			productName = xcodeUITests;
			productReference = 1D11C089252BA35D0062CA00 /* xcodeUITests.xctest */;
			productType = "com.apple.product-type.bundle.ui-testing";
		};
/* End PBXNativeTarget section */

/* Begin PBXProject section */
		1D11C063252BA35C0062CA00 /* Project object */ = {
			isa = PBXProject;
			attributes = {
				LastUpgradeCheck = 1200;
				ORGANIZATIONNAME = ajp;
				TargetAttributes = {
					1D11C06A252BA35C0062CA00 = {
						CreatedOnToolsVersion = 11.7;
					};
					1D11C07D252BA35D0062CA00 = {
						CreatedOnToolsVersion = 11.7;
						TestTargetID = 1D11C06A252BA35C0062CA00;
					};
					1D11C088252BA35D0062CA00 = {
						CreatedOnToolsVersion = 11.7;
						TestTargetID = 1D11C06A252BA35C0062CA00;
					};
				};
			};
			buildConfigurationList = 1D11C066252BA35C0062CA00 /* Build configuration list for PBXProject "xcode" */;
			compatibilityVersion = "Xcode 9.3";
			developmentRegion = en;
			hasScannedForEncodings = 0;
			knownRegions = (
				en,
				Base,
			);
			mainGroup = 1D11C062252BA35C0062CA00;
			productRefGroup = 1D11C06C252BA35C0062CA00 /* Products */;
			projectDirPath = "";
			projectRoot = "";
			targets = (
				1D11C06A252BA35C0062CA00 /* xcode */,
				1D11C07D252BA35D0062CA00 /* xcodeTests */,
				1D11C088252BA35D0062CA00 /* xcodeUITests */,
			);
		};
/* End PBXProject section */

/* Begin PBXResourcesBuildPhase section */
		1D11C069252BA35C0062CA00 /* Resources */ = {
			isa = PBXResourcesBuildPhase;
			buildActionMask = 2147483647;
			files = (
				1D11C072252BA35D0062CA00 /* Assets.xcassets in Resources */,
				1D11C075252BA35D0062CA00 /* MainMenu.xib in Resources */,
			);
			runOnlyForDeploymentPostprocessing = 0;
		};
		1D11C07C252BA35D0062CA00 /* Resources */ = {
			isa = PBXResourcesBuildPhase;
			buildActionMask = 2147483647;
			files = (
			);
			runOnlyForDeploymentPostprocessing = 0;
		};
		1D11C087252BA35D0062CA00 /* Resources */ = {
			isa = PBXResourcesBuildPhase;
			buildActionMask = 2147483647;
			files = (
			);
			runOnlyForDeploymentPostprocessing = 0;
		};
/* End PBXResourcesBuildPhase section */

/* Begin PBXSourcesBuildPhase section */
		1D11C067252BA35C0062CA00 /* Sources */ = {
			isa = PBXSourcesBuildPhase;
			buildActionMask = 2147483647;
			files = (
				1D11C078252BA35D0062CA00 /* main.m in Sources */,
				1D11C070252BA35C0062CA00 /* AppDelegate.m in Sources */,
			);
			runOnlyForDeploymentPostprocessing = 0;
		};
		1D11C07A252BA35D0062CA00 /* Sources */ = {
			isa = PBXSourcesBuildPhase;
			buildActionMask = 2147483647;
			files = (
				1D11C083252BA35D0062CA00 /* xcodeTests.m in Sources */,
			);
			runOnlyForDeploymentPostprocessing = 0;
		};
		1D11C085252BA35D0062CA00 /* Sources */ = {
			isa = PBXSourcesBuildPhase;
			buildActionMask = 2147483647;
			files = (
				1D11C08E252BA35D0062CA00 /* xcodeUITests.m in Sources */,
			);
			runOnlyForDeploymentPostprocessing = 0;
		};
/* End PBXSourcesBuildPhase section */

/* Begin PBXTargetDependency section */
		1D11C080252BA35D0062CA00 /* PBXTargetDependency */ = {
			isa = PBXTargetDependency;
			target = 1D11C06A252BA35C0062CA00 /* xcode */;
			targetProxy = 1D11C07F252BA35D0062CA00 /* PBXContainerItemProxy */;
		};
		1D11C08B252BA35D0062CA00 /* PBXTargetDependency */ = {
			isa = PBXTargetDependency;
			target = 1D11C06A252BA35C0062CA00 /* xcode */;
			targetProxy = 1D11C08A252BA35D0062CA00 /* PBXContainerItemProxy */;
		};
/* End PBXTargetDependency section */

/* Begin PBXVariantGroup section */
		1D11C073252BA35D0062CA00 /* MainMenu.xib */ = {
			isa = PBXVariantGroup;
			children = (
				1D11C074252BA35D0062CA00 /* Base */,
			);
			name = MainMenu.xib;
			sourceTree = "<group>";
		};
/* End PBXVariantGroup section */

/* Begin XCBuildConfiguration section */
		1D11C090252BA35D0062CA00 /* Debug */ = {
			isa = XCBuildConfiguration;
			buildSettings = {
				ALWAYS_SEARCH_USER_PATHS = NO;
				CLANG_ANALYZER_NONNULL = YES;
				CLANG_ANALYZER_NUMBER_OBJECT_CONVERSION = YES_AGGRESSIVE;
				CLANG_CXX_LANGUAGE_STANDARD = "gnu++14";
				CLANG_CXX_LIBRARY = "libc++";
				CLANG_ENABLE_MODULES = YES;
				CLANG_ENABLE_OBJC_ARC = YES;
				CLANG_ENABLE_OBJC_WEAK = YES;
				CLANG_WARN_BLOCK_CAPTURE_AUTORELEASING = YES;
				CLANG_WARN_BOOL_CONVERSION = YES;
				CLANG_WARN_COMMA = YES;
				CLANG_WARN_CONSTANT_CONVERSION = YES;
				CLANG_WARN_DEPRECATED_OBJC_IMPLEMENTATIONS = YES;
				CLANG_WARN_DIRECT_OBJC_ISA_USAGE = YES_ERROR;
				CLANG_WARN_DOCUMENTATION_COMMENTS = YES;
				CLANG_WARN_EMPTY_BODY = YES;
				CLANG_WARN_ENUM_CONVERSION = YES;
				CLANG_WARN_INFINITE_RECURSION = YES;
				CLANG_WARN_INT_CONVERSION = YES;
				CLANG_WARN_NON_LITERAL_NULL_CONVERSION = YES;
				CLANG_WARN_OBJC_IMPLICIT_RETAIN_SELF = YES;
				CLANG_WARN_OBJC_LITERAL_CONVERSION = YES;
				CLANG_WARN_OBJC_ROOT_CLASS = YES_ERROR;
				CLANG_WARN_QUOTED_INCLUDE_IN_FRAMEWORK_HEADER = YES;
				CLANG_WARN_RANGE_LOOP_ANALYSIS = YES;
				CLANG_WARN_STRICT_PROTOTYPES = YES;
				CLANG_WARN_SUSPICIOUS_MOVE = YES;
				CLANG_WARN_UNGUARDED_AVAILABILITY = YES_AGGRESSIVE;
				CLANG_WARN_UNREACHABLE_CODE = YES;
				CLANG_WARN__DUPLICATE_METHOD_MATCH = YES;
				COPY_PHASE_STRIP = NO;
				DEBUG_INFORMATION_FORMAT = dwarf;
				ENABLE_STRICT_OBJC_MSGSEND = YES;
				ENABLE_TESTABILITY = YES;
				GCC_C_LANGUAGE_STANDARD = gnu11;
				GCC_DYNAMIC_NO_PIC = NO;
				GCC_NO_COMMON_BLOCKS = YES;
				GCC_OPTIMIZATION_LEVEL = 0;
				GCC_PREPROCESSOR_DEFINITIONS = (
					"DEBUG=1",
					"$(inherited)",
				);
				GCC_WARN_64_TO_32_BIT_CONVERSION = YES;
				GCC_WARN_ABOUT_RETURN_TYPE = YES_ERROR;
				GCC_WARN_UNDECLARED_SELECTOR = YES;
				GCC_WARN_UNINITIALIZED_AUTOS = YES_AGGRESSIVE;
				GCC_WARN_UNUSED_FUNCTION = YES;
				GCC_WARN_UNUSED_VARIABLE = YES;
				MACOSX_DEPLOYMENT_TARGET = 10.15;
				MTL_ENABLE_DEBUG_INFO = INCLUDE_SOURCE;
				MTL_FAST_MATH = YES;
				ONLY_ACTIVE_ARCH = YES;
				SDKROOT = macosx;
			};
			name = Debug;
		};
		1D11C091252BA35D0062CA00 /* Release */ = {
			isa = XCBuildConfiguration;
			buildSettings = {
				ALWAYS_SEARCH_USER_PATHS = NO;
				CLANG_ANALYZER_NONNULL = YES;
				CLANG_ANALYZER_NUMBER_OBJECT_CONVERSION = YES_AGGRESSIVE;
				CLANG_CXX_LANGUAGE_STANDARD = "gnu++14";
				CLANG_CXX_LIBRARY = "libc++";
				CLANG_ENABLE_MODULES = YES;
				CLANG_ENABLE_OBJC_ARC = YES;
				CLANG_ENABLE_OBJC_WEAK = YES;
				CLANG_WARN_BLOCK_CAPTURE_AUTORELEASING = YES;
				CLANG_WARN_BOOL_CONVERSION = YES;
				CLANG_WARN_COMMA = YES;
				CLANG_WARN_CONSTANT_CONVERSION = YES;
				CLANG_WARN_DEPRECATED_OBJC_IMPLEMENTATIONS = YES;
				CLANG_WARN_DIRECT_OBJC_ISA_USAGE = YES_ERROR;
				CLANG_WARN_DOCUMENTATION_COMMENTS = YES;
				CLANG_WARN_EMPTY_BODY = YES;
				CLANG_WARN_ENUM_CONVERSION = YES;
				CLANG_WARN_INFINITE_RECURSION = YES;
				CLANG_WARN_INT_CONVERSION = YES;
				CLANG_WARN_NON_LITERAL_NULL_CONVERSION = YES;
				CLANG_WARN_OBJC_IMPLICIT_RETAIN_SELF = YES;
				CLANG_WARN_OBJC_LITERAL_CONVERSION = YES;
				CLANG_WARN_OBJC_ROOT_CLASS = YES_ERROR;
				CLANG_WARN_QUOTED_INCLUDE_IN_FRAMEWORK_HEADER = YES;
				CLANG_WARN_RANGE_LOOP_ANALYSIS = YES;
				CLANG_WARN_STRICT_PROTOTYPES = YES;
				CLANG_WARN_SUSPICIOUS_MOVE = YES;
				CLANG_WARN_UNGUARDED_AVAILABILITY = YES_AGGRESSIVE;
				CLANG_WARN_UNREACHABLE_CODE = YES;
				CLANG_WARN__DUPLICATE_METHOD_MATCH = YES;
				COPY_PHASE_STRIP = NO;
				DEBUG_INFORMATION_FORMAT = "dwarf-with-dsym";
				ENABLE_NS_ASSERTIONS = NO;
				ENABLE_STRICT_OBJC_MSGSEND = YES;
				GCC_C_LANGUAGE_STANDARD = gnu11;
				GCC_NO_COMMON_BLOCKS = YES;
				GCC_WARN_64_TO_32_BIT_CONVERSION = YES;
				GCC_WARN_ABOUT_RETURN_TYPE = YES_ERROR;
				GCC_WARN_UNDECLARED_SELECTOR = YES;
				GCC_WARN_UNINITIALIZED_AUTOS = YES_AGGRESSIVE;
				GCC_WARN_UNUSED_FUNCTION = YES;
				GCC_WARN_UNUSED_VARIABLE = YES;
				MACOSX_DEPLOYMENT_TARGET = 10.15;
				MTL_ENABLE_DEBUG_INFO = NO;
				MTL_FAST_MATH = YES;
				SDKROOT = macosx;
			};
			name = Release;
		};
		1D11C093252BA35D0062CA00 /* Debug */ = {
			isa = XCBuildConfiguration;
			buildSettings = {
				ASSETCATALOG_COMPILER_APPICON_NAME = AppIcon;
				CODE_SIGN_ENTITLEMENTS = xcode/xcode.entitlements;
				CODE_SIGN_IDENTITY = "-";
				CODE_SIGN_STYLE = Automatic;
				COMBINE_HIDPI_IMAGES = YES;
				INFOPLIST_FILE = xcode/Info.plist;
				LD_RUNPATH_SEARCH_PATHS = (
					"$(inherited)",
					"@executable_path/../Frameworks",
				);
				PRODUCT_BUNDLE_IDENTIFIER = ajp.xcode;
				PRODUCT_NAME = "$(TARGET_NAME)";
			};
			name = Debug;
		};
		1D11C094252BA35D0062CA00 /* Release */ = {
			isa = XCBuildConfiguration;
			buildSettings = {
				ASSETCATALOG_COMPILER_APPICON_NAME = AppIcon;
				CODE_SIGN_ENTITLEMENTS = xcode/xcode.entitlements;
				CODE_SIGN_IDENTITY = "-";
				CODE_SIGN_STYLE = Automatic;
				COMBINE_HIDPI_IMAGES = YES;
				INFOPLIST_FILE = xcode/Info.plist;
				LD_RUNPATH_SEARCH_PATHS = (
					"$(inherited)",
					"@executable_path/../Frameworks",
				);
				PRODUCT_BUNDLE_IDENTIFIER = ajp.xcode;
				PRODUCT_NAME = "$(TARGET_NAME)";
			};
			name = Release;
		};
		1D11C096252BA35D0062CA00 /* Debug */ = {
			isa = XCBuildConfiguration;
			buildSettings = {
				BUNDLE_LOADER = "$(TEST_HOST)";
				CODE_SIGN_STYLE = Automatic;
				COMBINE_HIDPI_IMAGES = YES;
				INFOPLIST_FILE = xcodeTests/Info.plist;
				LD_RUNPATH_SEARCH_PATHS = (
					"$(inherited)",
					"@executable_path/../Frameworks",
					"@loader_path/../Frameworks",
				);
				MACOSX_DEPLOYMENT_TARGET = 10.15;
				PRODUCT_BUNDLE_IDENTIFIER = ajp.xcodeTests;
				PRODUCT_NAME = "$(TARGET_NAME)";
				TEST_HOST = "$(BUILT_PRODUCTS_DIR)/xcode.app/Contents/MacOS/xcode";
			};
			name = Debug;
		};
		1D11C097252BA35D0062CA00 /* Release */ = {
			isa = XCBuildConfiguration;
			buildSettings = {
				BUNDLE_LOADER = "$(TEST_HOST)";
				CODE_SIGN_STYLE = Automatic;
				COMBINE_HIDPI_IMAGES = YES;
				INFOPLIST_FILE = xcodeTests/Info.plist;
				LD_RUNPATH_SEARCH_PATHS = (
					"$(inherited)",
					"@executable_path/../Frameworks",
					"@loader_path/../Frameworks",
				);
				MACOSX_DEPLOYMENT_TARGET = 10.15;
				PRODUCT_BUNDLE_IDENTIFIER = ajp.xcodeTests;
				PRODUCT_NAME = "$(TARGET_NAME)";
				TEST_HOST = "$(BUILT_PRODUCTS_DIR)/xcode.app/Contents/MacOS/xcode";
			};
			name = Release;
		};
		1D11C099252BA35D0062CA00 /* Debug */ = {
			isa = XCBuildConfiguration;
			buildSettings = {
				CODE_SIGN_STYLE = Automatic;
				COMBINE_HIDPI_IMAGES = YES;
				INFOPLIST_FILE = xcodeUITests/Info.plist;
				LD_RUNPATH_SEARCH_PATHS = (
					"$(inherited)",
					"@executable_path/../Frameworks",
					"@loader_path/../Frameworks",
				);
				PRODUCT_BUNDLE_IDENTIFIER = ajp.xcodeUITests;
				PRODUCT_NAME = "$(TARGET_NAME)";
				TEST_TARGET_NAME = xcode;
			};
			name = Debug;
		};
		1D11C09A252BA35D0062CA00 /* Release */ = {
			isa = XCBuildConfiguration;
			buildSettings = {
				CODE_SIGN_STYLE = Automatic;
				COMBINE_HIDPI_IMAGES = YES;
				INFOPLIST_FILE = xcodeUITests/Info.plist;
				LD_RUNPATH_SEARCH_PATHS = (
					"$(inherited)",
					"@executable_path/../Frameworks",
					"@loader_path/../Frameworks",
				);
				PRODUCT_BUNDLE_IDENTIFIER = ajp.xcodeUITests;
				PRODUCT_NAME = "$(TARGET_NAME)";
				TEST_TARGET_NAME = xcode;
			};
			name = Release;
		};
/* End XCBuildConfiguration section */

/* Begin XCConfigurationList section */
		1D11C066252BA35C0062CA00 /* Build configuration list for PBXProject "xcode" */ = {
			isa = XCConfigurationList;
			buildConfigurations = (
				1D11C090252BA35D0062CA00 /* Debug */,
				1D11C091252BA35D0062CA00 /* Release */,
			);
			defaultConfigurationIsVisible = 0;
			defaultConfigurationName = Release;
		};
		1D11C092252BA35D0062CA00 /* Build configuration list for PBXNativeTarget "xcode" */ = {
			isa = XCConfigurationList;
			buildConfigurations = (
				1D11C093252BA35D0062CA00 /* Debug */,
				1D11C094252BA35D0062CA00 /* Release */,
			);
			defaultConfigurationIsVisible = 0;
			defaultConfigurationName = Release;
		};
		1D11C095252BA35D0062CA00 /* Build configuration list for PBXNativeTarget "xcodeTests" */ = {
			isa = XCConfigurationList;
			buildConfigurations = (
				1D11C096252BA35D0062CA00 /* Debug */,
				1D11C097252BA35D0062CA00 /* Release */,
			);
			defaultConfigurationIsVisible = 0;
			defaultConfigurationName = Release;
		};
		1D11C098252BA35D0062CA00 /* Build configuration list for PBXNativeTarget "xcodeUITests" */ = {
			isa = XCConfigurationList;
			buildConfigurations = (
				1D11C099252BA35D0062CA00 /* Debug */,
				1D11C09A252BA35D0062CA00 /* Release */,
			);
			defaultConfigurationIsVisible = 0;
			defaultConfigurationName = Release;
		};
/* End XCConfigurationList section */
	};
	rootObject = 1D11C063252BA35C0062CA00 /* Project object */;
}
